
Microsoft Visual Studio Solution File, Format Version 12.00
Project("{FAE04EC0-301F-11D3-BF4B-00C04F79EFBC}") = "Day1", "Day1\Day1.csproj", "{24BB171E-BEE2-43ED-9179-8CF97F803275}"
EndProject
Project("{FAE04EC0-301F-11D3-BF4B-00C04F79EFBC}") = "Day2", "Day2\Day2.csproj", "{6D239868-78C1-4DC8-90B1-56CD5BDB548A}"
EndProject
Project("{FAE04EC0-301F-11D3-BF4B-00C04F79EFBC}") = "Day3", "Day3\Day3.csproj", "{D338E289-6148-4AEF-8E83-7F772DD4081C}"
EndProject
Project("{FAE04EC0-301F-11D3-BF4B-00C04F79EFBC}") = "Day4", "Day4\Day4.csproj", "{5147C7C0-A28A-4F48-B79B-6DD67F394544}"
EndProject
Project("{FAE04EC0-301F-11D3-BF4B-00C04F79EFBC}") = "Day5", "Day5\Day5.csproj", "{009EBEC5-6980-4079-8CF6-36931342380C}"
EndProject
Project("{FAE04EC0-301F-11D3-BF4B-00C04F79EFBC}") = "Day6", "Day6\Day6.csproj", "{90008244-61A3-47C5-B35F-53B9816BF39F}"
EndProject
Project("{FAE04EC0-301F-11D3-BF4B-00C04F79EFBC}") = "Day7", "Day7\Day7.csproj", "{3FE24C65-641E-4E7D-B286-FED1F32FDBB2}"
EndProject
Project("{FAE04EC0-301F-11D3-BF4B-00C04F79EFBC}") = "Day8", "Day8\Day8.csproj", "{90B098F5-9EA6-435B-A12C-111BE1D8FFDD}"
EndProject
Project("{FAE04EC0-301F-11D3-BF4B-00C04F79EFBC}") = "Day9", "Day9\Day9.csproj", "{0EF67D99-E48C-49FC-AE5B-951424B8B7DC}"
EndProject
Global
	GlobalSection(SolutionConfigurationPlatforms) = preSolution
		Debug|Any CPU = Debug|Any CPU
		Release|Any CPU = Release|Any CPU
	EndGlobalSection
	GlobalSection(ProjectConfigurationPlatforms) = postSolution
		{24BB171E-BEE2-43ED-9179-8CF97F803275}.Debug|Any CPU.ActiveCfg = Debug|Any CPU
		{24BB171E-BEE2-43ED-9179-8CF97F803275}.Debug|Any CPU.Build.0 = Debug|Any CPU
		{24BB171E-BEE2-43ED-9179-8CF97F803275}.Release|Any CPU.ActiveCfg = Release|Any CPU
		{24BB171E-BEE2-43ED-9179-8CF97F803275}.Release|Any CPU.Build.0 = Release|Any CPU
		{6D239868-78C1-4DC8-90B1-56CD5BDB548A}.Debug|Any CPU.ActiveCfg = Debug|Any CPU
		{6D239868-78C1-4DC8-90B1-56CD5BDB548A}.Debug|Any CPU.Build.0 = Debug|Any CPU
		{6D239868-78C1-4DC8-90B1-56CD5BDB548A}.Release|Any CPU.ActiveCfg = Release|Any CPU
		{6D239868-78C1-4DC8-90B1-56CD5BDB548A}.Release|Any CPU.Build.0 = Release|Any CPU
		{D338E289-6148-4AEF-8E83-7F772DD4081C}.Debug|Any CPU.ActiveCfg = Debug|Any CPU
		{D338E289-6148-4AEF-8E83-7F772DD4081C}.Debug|Any CPU.Build.0 = Debug|Any CPU
		{D338E289-6148-4AEF-8E83-7F772DD4081C}.Release|Any CPU.ActiveCfg = Release|Any CPU
		{D338E289-6148-4AEF-8E83-7F772DD4081C}.Release|Any CPU.Build.0 = Release|Any CPU
		{5147C7C0-A28A-4F48-B79B-6DD67F394544}.Debug|Any CPU.ActiveCfg = Debug|Any CPU
		{5147C7C0-A28A-4F48-B79B-6DD67F394544}.Debug|Any CPU.Build.0 = Debug|Any CPU
		{5147C7C0-A28A-4F48-B79B-6DD67F394544}.Release|Any CPU.ActiveCfg = Release|Any CPU
		{5147C7C0-A28A-4F48-B79B-6DD67F394544}.Release|Any CPU.Build.0 = Release|Any CPU
		{009EBEC5-6980-4079-8CF6-36931342380C}.Debug|Any CPU.ActiveCfg = Debug|Any CPU
		{009EBEC5-6980-4079-8CF6-36931342380C}.Debug|Any CPU.Build.0 = Debug|Any CPU
		{009EBEC5-6980-4079-8CF6-36931342380C}.Release|Any CPU.ActiveCfg = Release|Any CPU
		{009EBEC5-6980-4079-8CF6-36931342380C}.Release|Any CPU.Build.0 = Release|Any CPU
		{90008244-61A3-47C5-B35F-53B9816BF39F}.Debug|Any CPU.ActiveCfg = Debug|Any CPU
		{90008244-61A3-47C5-B35F-53B9816BF39F}.Debug|Any CPU.Build.0 = Debug|Any CPU
		{90008244-61A3-47C5-B35F-53B9816BF39F}.Release|Any CPU.ActiveCfg = Release|Any CPU
		{90008244-61A3-47C5-B35F-53B9816BF39F}.Release|Any CPU.Build.0 = Release|Any CPU
		{3FE24C65-641E-4E7D-B286-FED1F32FDBB2}.Debug|Any CPU.ActiveCfg = Debug|Any CPU
		{3FE24C65-641E-4E7D-B286-FED1F32FDBB2}.Debug|Any CPU.Build.0 = Debug|Any CPU
		{3FE24C65-641E-4E7D-B286-FED1F32FDBB2}.Release|Any CPU.ActiveCfg = Release|Any CPU
		{3FE24C65-641E-4E7D-B286-FED1F32FDBB2}.Release|Any CPU.Build.0 = Release|Any CPU
		{90B098F5-9EA6-435B-A12C-111BE1D8FFDD}.Debug|Any CPU.ActiveCfg = Debug|Any CPU
		{90B098F5-9EA6-435B-A12C-111BE1D8FFDD}.Debug|Any CPU.Build.0 = Debug|Any CPU
		{90B098F5-9EA6-435B-A12C-111BE1D8FFDD}.Release|Any CPU.ActiveCfg = Release|Any CPU
		{90B098F5-9EA6-435B-A12C-111BE1D8FFDD}.Release|Any CPU.Build.0 = Release|Any CPU
		{0EF67D99-E48C-49FC-AE5B-951424B8B7DC}.Debug|Any CPU.ActiveCfg = Debug|Any CPU
		{0EF67D99-E48C-49FC-AE5B-951424B8B7DC}.Debug|Any CPU.Build.0 = Debug|Any CPU
		{0EF67D99-E48C-49FC-AE5B-951424B8B7DC}.Release|Any CPU.ActiveCfg = Release|Any CPU
		{0EF67D99-E48C-49FC-AE5B-951424B8B7DC}.Release|Any CPU.Build.0 = Release|Any CPU
	EndGlobalSection
EndGlobal
